{
  "name": "2",
  "version": "1.0.0",
  "lockfileVersion": 3,
  "requires": true,
  "packages": {
    "": {
      "name": "2",
      "version": "1.0.0",
      "license": "ISC",
      "dependencies": {
        "wink": "^0.0.1"
      }
    },
    "node_modules/wink": {
      "version": "0.0.1",
      "resolved": "https://registry.npmjs.org/wink/-/wink-0.0.1.tgz",
      "integrity": "sha512-9ICjXEw6n9kef0J90dcsqR9Z2jmRGYlzTgngngsZ3uqLuvMNUJRd0WroZVc3qCbt5SAl64YNVlmwudH6axodbQ=="
    }
  }
}
